{
    "_readme": [
        "This file locks the dependencies of your project to a known state",
        "Read more about it at https://getcomposer.org/doc/01-basic-usage.md#composer-lock-the-lock-file",
        "This file is @generated automatically"
    ],
    "content-hash": "fb02bc71e4bab9c8c485898cb975d3a5",
    "packages": [],
    "packages-dev": [
        {
            "name": "pds/skeleton",
            "version": "1.0.0",
            "source": {
                "type": "git",
                "url": "https://github.com/php-pds/skeleton.git",
                "reference": "95e476e5d629eadacbd721c5a9553e537514a231"
            },
            "dist": {
                "type": "zip",
                "url": "https://api.github.com/repos/php-pds/skeleton/zipball/95e476e5d629eadacbd721c5a9553e537514a231",
                "reference": "95e476e5d629eadacbd721c5a9553e537514a231",
                "shasum": ""
            },
            "bin": [
                "bin/pds-skeleton"
            ],
            "type": "standard",
            "autoload": {
                "psr-4": {
                    "Pds\\Skeleton\\": "src/"
                }
            },
            "notification-url": "https://packagist.org/downloads/",
            "license": [
                "CC-BY-SA-4.0"
            ],
            "description": "Standard for PHP package skeletons.",
            "homepage": "https://github.com/php-pds/skeleton",
            "time": "2017-01-25T23:30:41+00:00"
        },
        {
            "name": "squizlabs/php_codesniffer",
            "version": "3.2.2",
            "source": {
                "type": "git",
                "url": "https://github.com/squizlabs/PHP_CodeSniffer.git",
                "reference": "d7c00c3000ac0ce79c96fcbfef86b49a71158cd1"
            },
            "dist": {
                "type": "zip",
                "url": "https://api.github.com/repos/squizlabs/PHP_CodeSniffer/zipball/d7c00c3000ac0ce79c96fcbfef86b49a71158cd1",
                "reference": "d7c00c3000ac0ce79c96fcbfef86b49a71158cd1",
                "shasum": ""
            },
            "require": {
                "ext-simplexml": "*",
                "ext-tokenizer": "*",
                "ext-xmlwriter": "*",
                "php": ">=5.4.0"
            },
            "require-dev": {
                "phpunit/phpunit": "^4.0 || ^5.0 || ^6.0"
            },
            "bin": [
                "bin/phpcs",
                "bin/phpcbf"
            ],
            "type": "library",
            "extra": {
                "branch-alias": {
                    "dev-master": "3.x-dev"
                }
            },
            "notification-url": "https://packagist.org/downloads/",
            "license": [
                "BSD-3-Clause"
            ],
            "authors": [
                {
                    "name": "Greg Sherwood",
                    "role": "lead"
                }
            ],
            "description": "PHP_CodeSniffer tokenizes PHP, JavaScript and CSS files and detects violations of a defined set of coding standards.",
            "homepage": "http://www.squizlabs.com/php-codesniffer",
            "keywords": [
                "phpcs",
                "standards"
            ],
            "time": "2017-12-19T21:44:46+00:00"
        },
        {
            "name": "webservco/framework",
            "version": "dev-9.0-dev",
            "dist": {
                "type": "path",
                "url": "/home/radu/projects/local/webservco/framework",
                "reference": "835e93a0a697c71e0e13644a1c88e618acd60886",
                "shasum": null
            },
            "require": {
                "php": "^5.4 || ^7.0"
            },
            "require-dev": {
                "pds/skeleton": "~1.0",
                "phpunit/phpunit": "~4|~5",
                "squizlabs/php_codesniffer": "3.*"
            },
            "type": "library",
            "autoload": {
                "psr-4": {
                    "WebServCo\\": "src/WebServCo/"
                }
            },
            "scripts": {
                "check:structure": [
                    "vendor/bin/pds-skeleton validate"
                ],
                "check": [
                    "vendor/bin/phpcs --standard=PSR2 --extensions=php src tests"
                ],
                "test": [
                    "vendor/bin/phpunit --colors=always"
                ],
                "test:d": [
                    "vendor/bin/phpunit --testdox"
                ]
            },
            "license": [
                "MIT"
            ],
            "authors": [
                {
                    "name": "Radu Maier",
                    "email": "ariademur@webserv.co"
                }
            ],
            "description": "A PHP Framework",
            "homepage": "https://webserv.co",
            "keywords": [
                "framework",
                "webservco"
            ],
            "transport-options": {
                "symlink": true
            }
        }
    ],
    "aliases": [],
    "minimum-stability": "stable",
    "stability-flags": {
        "webservco/framework": 20
    },
    "prefer-stable": false,
    "prefer-lowest": false,
    "platform": {
        "php": "^5.4 || ^7.0"
    },
    "platform-dev": []
}
